
Microsoft Visual Studio Solution File, Format Version 12.00
# Visual Studio Version 16
VisualStudioVersion = 16.0.30611.23
MinimumVisualStudioVersion = 10.0.40219.1
Project("{FAE04EC0-301F-11D3-BF4B-00C04F79EFBC}") = "Crypter", "Crypter\Crypter.csproj", "{2933CB92-ECB2-48A0-9629-8F431E790DF8}"
EndProject
Project("{FAE04EC0-301F-11D3-BF4B-00C04F79EFBC}") = "CrypterCore", "CrypterCore\CrypterCore.csproj", "{42DD9DE7-5349-4DF9-9587-3EA3A26C9759}"
EndProject
Project("{FAE04EC0-301F-11D3-BF4B-00C04F79EFBC}") = "CrypterCoreTests", "CrypterCoreTests\CrypterCoreTests.csproj", "{0B096A91-FC1D-4A05-B67D-6EEA3A7836AB}"
EndProject
Global
	GlobalSection(SolutionConfigurationPlatforms) = preSolution
		Debug|Any CPU = Debug|Any CPU
		Release|Any CPU = Release|Any CPU
	EndGlobalSection
	GlobalSection(ProjectConfigurationPlatforms) = postSolution
		{2933CB92-ECB2-48A0-9629-8F431E790DF8}.Debug|Any CPU.ActiveCfg = Debug|Any CPU
		{2933CB92-ECB2-48A0-9629-8F431E790DF8}.Debug|Any CPU.Build.0 = Debug|Any CPU
		{2933CB92-ECB2-48A0-9629-8F431E790DF8}.Release|Any CPU.ActiveCfg = Release|Any CPU
		{2933CB92-ECB2-48A0-9629-8F431E790DF8}.Release|Any CPU.Build.0 = Release|Any CPU
		{42DD9DE7-5349-4DF9-9587-3EA3A26C9759}.Debug|Any CPU.ActiveCfg = Debug|Any CPU
		{42DD9DE7-5349-4DF9-9587-3EA3A26C9759}.Debug|Any CPU.Build.0 = Debug|Any CPU
		{42DD9DE7-5349-4DF9-9587-3EA3A26C9759}.Release|Any CPU.ActiveCfg = Release|Any CPU
		{42DD9DE7-5349-4DF9-9587-3EA3A26C9759}.Release|Any CPU.Build.0 = Release|Any CPU
		{0B096A91-FC1D-4A05-B67D-6EEA3A7836AB}.Debug|Any CPU.ActiveCfg = Debug|Any CPU
		{0B096A91-FC1D-4A05-B67D-6EEA3A7836AB}.Debug|Any CPU.Build.0 = Debug|Any CPU
		{0B096A91-FC1D-4A05-B67D-6EEA3A7836AB}.Release|Any CPU.ActiveCfg = Release|Any CPU
		{0B096A91-FC1D-4A05-B67D-6EEA3A7836AB}.Release|Any CPU.Build.0 = Release|Any CPU
	EndGlobalSection
	GlobalSection(SolutionProperties) = preSolution
		HideSolutionNode = FALSE
	EndGlobalSection
	GlobalSection(ExtensibilityGlobals) = postSolution
		SolutionGuid = {B149E341-2BD3-4915-8115-E8B45CCCC4E7}
	EndGlobalSection
EndGlobal
